
Microsoft Visual Studio Solution File, Format Version 12.00
# Visual Studio Version 17
VisualStudioVersion = 17.4.33213.308
MinimumVisualStudioVersion = 10.0.40219.1
Project("{8BC9CEB8-8B4A-11D0-8D11-00A0C91BC942}") = "p226", "p226\p226.vcxproj", "{D05AE7ED-E17C-46F7-8932-27535103FBAA}"
EndProject
Global
	GlobalSection(SolutionConfigurationPlatforms) = preSolution
		Debug|x64 = Debug|x64
		Debug|x86 = Debug|x86
		Release|x64 = Release|x64
		Release|x86 = Release|x86
	EndGlobalSection
	GlobalSection(ProjectConfigurationPlatforms) = postSolution
		{D05AE7ED-E17C-46F7-8932-27535103FBAA}.Debug|x64.ActiveCfg = Debug|x64
		{D05AE7ED-E17C-46F7-8932-27535103FBAA}.Debug|x64.Build.0 = Debug|x64
		{D05AE7ED-E17C-46F7-8932-27535103FBAA}.Debug|x86.ActiveCfg = Debug|Win32
		{D05AE7ED-E17C-46F7-8932-27535103FBAA}.Debug|x86.Build.0 = Debug|Win32
		{D05AE7ED-E17C-46F7-8932-27535103FBAA}.Release|x64.ActiveCfg = Release|x64
		{D05AE7ED-E17C-46F7-8932-27535103FBAA}.Release|x64.Build.0 = Release|x64
		{D05AE7ED-E17C-46F7-8932-27535103FBAA}.Release|x86.ActiveCfg = Release|Win32
		{D05AE7ED-E17C-46F7-8932-27535103FBAA}.Release|x86.Build.0 = Release|Win32
	EndGlobalSection
	GlobalSection(SolutionProperties) = preSolution
		HideSolutionNode = FALSE
	EndGlobalSection
	GlobalSection(ExtensibilityGlobals) = postSolution
		SolutionGuid = {4B88168F-C27F-4393-BF55-C3B1D671BB8B}
	EndGlobalSection
EndGlobal
